
Microsoft Visual Studio Solution File, Format Version 12.00
# Visual Studio Version 17
VisualStudioVersion = 17.14.36301.6 d17.14
MinimumVisualStudioVersion = 10.0.40219.1
Project("{FAE04EC0-301F-11D3-BF4B-00C04F79EFBC}") = "DailyReportAssignment", "DailyReportAssignment\DailyReportAssignment.csproj", "{CCBCFF02-F520-4C3E-B0A0-1D9A811EE069}"
EndProject
Global
	GlobalSection(SolutionConfigurationPlatforms) = preSolution
		Debug|Any CPU = Debug|Any CPU
		Release|Any CPU = Release|Any CPU
	EndGlobalSection
	GlobalSection(ProjectConfigurationPlatforms) = postSolution
		{CCBCFF02-F520-4C3E-B0A0-1D9A811EE069}.Debug|Any CPU.ActiveCfg = Debug|Any CPU
		{CCBCFF02-F520-4C3E-B0A0-1D9A811EE069}.Debug|Any CPU.Build.0 = Debug|Any CPU
		{CCBCFF02-F520-4C3E-B0A0-1D9A811EE069}.Release|Any CPU.ActiveCfg = Release|Any CPU
		{CCBCFF02-F520-4C3E-B0A0-1D9A811EE069}.Release|Any CPU.Build.0 = Release|Any CPU
	EndGlobalSection
	GlobalSection(SolutionProperties) = preSolution
		HideSolutionNode = FALSE
	EndGlobalSection
	GlobalSection(ExtensibilityGlobals) = postSolution
		SolutionGuid = {04DDB1BD-F77A-437B-A6FA-1FB956D30E65}
	EndGlobalSection
EndGlobal
