
Microsoft Visual Studio Solution File, Format Version 12.00
# Visual Studio Version 17
VisualStudioVersion = 17.14.36301.6 d17.14
MinimumVisualStudioVersion = 10.0.40219.1
Project("{FAE04EC0-301F-11D3-BF4B-00C04F79EFBC}") = "StructAssignment", "StructAssignment\StructAssignment.csproj", "{7CB62546-3817-48F8-A6AC-52F79C6346EA}"
EndProject
Global
	GlobalSection(SolutionConfigurationPlatforms) = preSolution
		Debug|Any CPU = Debug|Any CPU
		Release|Any CPU = Release|Any CPU
	EndGlobalSection
	GlobalSection(ProjectConfigurationPlatforms) = postSolution
		{7CB62546-3817-48F8-A6AC-52F79C6346EA}.Debug|Any CPU.ActiveCfg = Debug|Any CPU
		{7CB62546-3817-48F8-A6AC-52F79C6346EA}.Debug|Any CPU.Build.0 = Debug|Any CPU
		{7CB62546-3817-48F8-A6AC-52F79C6346EA}.Release|Any CPU.ActiveCfg = Release|Any CPU
		{7CB62546-3817-48F8-A6AC-52F79C6346EA}.Release|Any CPU.Build.0 = Release|Any CPU
	EndGlobalSection
	GlobalSection(SolutionProperties) = preSolution
		HideSolutionNode = FALSE
	EndGlobalSection
	GlobalSection(ExtensibilityGlobals) = postSolution
		SolutionGuid = {E4778E00-F8C7-4743-8B8E-F8769D4BF18F}
	EndGlobalSection
EndGlobal
