
Microsoft Visual Studio Solution File, Format Version 12.00
# Visual Studio Version 17
VisualStudioVersion = 17.14.36301.6 d17.14
MinimumVisualStudioVersion = 10.0.40219.1
Project("{FAE04EC0-301F-11D3-BF4B-00C04F79EFBC}") = "HelloWorld", "HelloWorld\HelloWorld.csproj", "{5E0E69CB-8FC5-498B-977B-F3105C5F30BC}"
EndProject
Global
	GlobalSection(SolutionConfigurationPlatforms) = preSolution
		Debug|Any CPU = Debug|Any CPU
		Release|Any CPU = Release|Any CPU
	EndGlobalSection
	GlobalSection(ProjectConfigurationPlatforms) = postSolution
		{5E0E69CB-8FC5-498B-977B-F3105C5F30BC}.Debug|Any CPU.ActiveCfg = Debug|Any CPU
		{5E0E69CB-8FC5-498B-977B-F3105C5F30BC}.Debug|Any CPU.Build.0 = Debug|Any CPU
		{5E0E69CB-8FC5-498B-977B-F3105C5F30BC}.Release|Any CPU.ActiveCfg = Release|Any CPU
		{5E0E69CB-8FC5-498B-977B-F3105C5F30BC}.Release|Any CPU.Build.0 = Release|Any CPU
	EndGlobalSection
	GlobalSection(SolutionProperties) = preSolution
		HideSolutionNode = FALSE
	EndGlobalSection
	GlobalSection(ExtensibilityGlobals) = postSolution
		SolutionGuid = {CF10672B-A822-4C4F-BF5F-2697FED24DA4}
	EndGlobalSection
EndGlobal
