
Microsoft Visual Studio Solution File, Format Version 12.00
# Visual Studio Version 17
VisualStudioVersion = 17.14.36301.6 d17.14
MinimumVisualStudioVersion = 10.0.40219.1
Project("{FAE04EC0-301F-11D3-BF4B-00C04F79EFBC}") = "Program_Modul2Assignment", "Program_Modul2Assignment\Program_Modul2Assignment.csproj", "{62E6B9D2-C464-4E9C-89F1-A80F4406C353}"
EndProject
Global
	GlobalSection(SolutionConfigurationPlatforms) = preSolution
		Debug|Any CPU = Debug|Any CPU
		Release|Any CPU = Release|Any CPU
	EndGlobalSection
	GlobalSection(ProjectConfigurationPlatforms) = postSolution
		{62E6B9D2-C464-4E9C-89F1-A80F4406C353}.Debug|Any CPU.ActiveCfg = Debug|Any CPU
		{62E6B9D2-C464-4E9C-89F1-A80F4406C353}.Debug|Any CPU.Build.0 = Debug|Any CPU
		{62E6B9D2-C464-4E9C-89F1-A80F4406C353}.Release|Any CPU.ActiveCfg = Release|Any CPU
		{62E6B9D2-C464-4E9C-89F1-A80F4406C353}.Release|Any CPU.Build.0 = Release|Any CPU
	EndGlobalSection
	GlobalSection(SolutionProperties) = preSolution
		HideSolutionNode = FALSE
	EndGlobalSection
	GlobalSection(ExtensibilityGlobals) = postSolution
		SolutionGuid = {6FDFB77A-D14D-4FAA-A26B-DC53010DD23B}
	EndGlobalSection
EndGlobal
