
Microsoft Visual Studio Solution File, Format Version 12.00
# Visual Studio Version 17
VisualStudioVersion = 17.14.36301.6 d17.14
MinimumVisualStudioVersion = 10.0.40219.1
Project("{FAE04EC0-301F-11D3-BF4B-00C04F79EFBC}") = "ClassMethodAssignment", "ClassMethodAssignment\ClassMethodAssignment.csproj", "{BC5275C5-5DF8-4D9A-943E-E3C41335F474}"
EndProject
Global
	GlobalSection(SolutionConfigurationPlatforms) = preSolution
		Debug|Any CPU = Debug|Any CPU
		Release|Any CPU = Release|Any CPU
	EndGlobalSection
	GlobalSection(ProjectConfigurationPlatforms) = postSolution
		{BC5275C5-5DF8-4D9A-943E-E3C41335F474}.Debug|Any CPU.ActiveCfg = Debug|Any CPU
		{BC5275C5-5DF8-4D9A-943E-E3C41335F474}.Debug|Any CPU.Build.0 = Debug|Any CPU
		{BC5275C5-5DF8-4D9A-943E-E3C41335F474}.Release|Any CPU.ActiveCfg = Release|Any CPU
		{BC5275C5-5DF8-4D9A-943E-E3C41335F474}.Release|Any CPU.Build.0 = Release|Any CPU
	EndGlobalSection
	GlobalSection(SolutionProperties) = preSolution
		HideSolutionNode = FALSE
	EndGlobalSection
	GlobalSection(ExtensibilityGlobals) = postSolution
		SolutionGuid = {606A812D-E08A-47FB-A36B-20DE37F840D1}
	EndGlobalSection
EndGlobal
