
Microsoft Visual Studio Solution File, Format Version 12.00
# Visual Studio Version 17
VisualStudioVersion = 17.14.36301.6 d17.14
MinimumVisualStudioVersion = 10.0.40219.1
Project("{FAE04EC0-301F-11D3-BF4B-00C04F79EFBC}") = "AcmeAccounting", "AcmeAccounting\AcmeAccounting.csproj", "{72B64567-4E03-46B6-86BB-479934EC020D}"
EndProject
Global
	GlobalSection(SolutionConfigurationPlatforms) = preSolution
		Debug|Any CPU = Debug|Any CPU
		Release|Any CPU = Release|Any CPU
	EndGlobalSection
	GlobalSection(ProjectConfigurationPlatforms) = postSolution
		{72B64567-4E03-46B6-86BB-479934EC020D}.Debug|Any CPU.ActiveCfg = Debug|Any CPU
		{72B64567-4E03-46B6-86BB-479934EC020D}.Debug|Any CPU.Build.0 = Debug|Any CPU
		{72B64567-4E03-46B6-86BB-479934EC020D}.Release|Any CPU.ActiveCfg = Release|Any CPU
		{72B64567-4E03-46B6-86BB-479934EC020D}.Release|Any CPU.Build.0 = Release|Any CPU
	EndGlobalSection
	GlobalSection(SolutionProperties) = preSolution
		HideSolutionNode = FALSE
	EndGlobalSection
	GlobalSection(ExtensibilityGlobals) = postSolution
		SolutionGuid = {8C8438A3-30C7-4E53-A183-836785837218}
	EndGlobalSection
EndGlobal
