
Microsoft Visual Studio Solution File, Format Version 12.00
# Visual Studio Version 17
VisualStudioVersion = 17.14.36301.6 d17.14
MinimumVisualStudioVersion = 10.0.40219.1
Project("{FAE04EC0-301F-11D3-BF4B-00C04F79EFBC}") = "MainMethodAssignment", "MainMethodAssignment\MainMethodAssignment.csproj", "{0DA25D19-DF57-4185-BD33-1900879DAE92}"
EndProject
Global
	GlobalSection(SolutionConfigurationPlatforms) = preSolution
		Debug|Any CPU = Debug|Any CPU
		Release|Any CPU = Release|Any CPU
	EndGlobalSection
	GlobalSection(ProjectConfigurationPlatforms) = postSolution
		{0DA25D19-DF57-4185-BD33-1900879DAE92}.Debug|Any CPU.ActiveCfg = Debug|Any CPU
		{0DA25D19-DF57-4185-BD33-1900879DAE92}.Debug|Any CPU.Build.0 = Debug|Any CPU
		{0DA25D19-DF57-4185-BD33-1900879DAE92}.Release|Any CPU.ActiveCfg = Release|Any CPU
		{0DA25D19-DF57-4185-BD33-1900879DAE92}.Release|Any CPU.Build.0 = Release|Any CPU
	EndGlobalSection
	GlobalSection(SolutionProperties) = preSolution
		HideSolutionNode = FALSE
	EndGlobalSection
	GlobalSection(ExtensibilityGlobals) = postSolution
		SolutionGuid = {8ACD73D5-9CFF-4766-BBB4-429FBC2DD139}
	EndGlobalSection
EndGlobal
