
Microsoft Visual Studio Solution File, Format Version 12.00
# Visual Studio Version 17
VisualStudioVersion = 17.14.36301.6 d17.14
MinimumVisualStudioVersion = 10.0.40219.1
Project("{FAE04EC0-301F-11D3-BF4B-00C04F79EFBC}") = "ConsoleApplicationAssignment", "ConsoleApplicationAssignment\ConsoleApplicationAssignment.csproj", "{D0C59C19-1203-4B49-95E3-64432422EE9C}"
EndProject
Global
	GlobalSection(SolutionConfigurationPlatforms) = preSolution
		Debug|Any CPU = Debug|Any CPU
		Release|Any CPU = Release|Any CPU
	EndGlobalSection
	GlobalSection(ProjectConfigurationPlatforms) = postSolution
		{D0C59C19-1203-4B49-95E3-64432422EE9C}.Debug|Any CPU.ActiveCfg = Debug|Any CPU
		{D0C59C19-1203-4B49-95E3-64432422EE9C}.Debug|Any CPU.Build.0 = Debug|Any CPU
		{D0C59C19-1203-4B49-95E3-64432422EE9C}.Release|Any CPU.ActiveCfg = Release|Any CPU
		{D0C59C19-1203-4B49-95E3-64432422EE9C}.Release|Any CPU.Build.0 = Release|Any CPU
	EndGlobalSection
	GlobalSection(SolutionProperties) = preSolution
		HideSolutionNode = FALSE
	EndGlobalSection
	GlobalSection(ExtensibilityGlobals) = postSolution
		SolutionGuid = {C662D1B0-8B3F-45D2-8BE8-DBA2CEA14D87}
	EndGlobalSection
EndGlobal
