
Microsoft Visual Studio Solution File, Format Version 12.00
# Visual Studio Version 17
VisualStudioVersion = 17.14.36301.6 d17.14
MinimumVisualStudioVersion = 10.0.40219.1
Project("{FAE04EC0-301F-11D3-BF4B-00C04F79EFBC}") = "PackageExpress", "PackageExpress\PackageExpress.csproj", "{B9D83092-2A34-4541-B4FD-E4EAF88F3DA6}"
EndProject
Global
	GlobalSection(SolutionConfigurationPlatforms) = preSolution
		Debug|Any CPU = Debug|Any CPU
		Release|Any CPU = Release|Any CPU
	EndGlobalSection
	GlobalSection(ProjectConfigurationPlatforms) = postSolution
		{B9D83092-2A34-4541-B4FD-E4EAF88F3DA6}.Debug|Any CPU.ActiveCfg = Debug|Any CPU
		{B9D83092-2A34-4541-B4FD-E4EAF88F3DA6}.Debug|Any CPU.Build.0 = Debug|Any CPU
		{B9D83092-2A34-4541-B4FD-E4EAF88F3DA6}.Release|Any CPU.ActiveCfg = Release|Any CPU
		{B9D83092-2A34-4541-B4FD-E4EAF88F3DA6}.Release|Any CPU.Build.0 = Release|Any CPU
	EndGlobalSection
	GlobalSection(SolutionProperties) = preSolution
		HideSolutionNode = FALSE
	EndGlobalSection
	GlobalSection(ExtensibilityGlobals) = postSolution
		SolutionGuid = {029B1624-4F30-42C2-8E08-5AE14C88EF90}
	EndGlobalSection
EndGlobal
