
Microsoft Visual Studio Solution File, Format Version 12.00
# Visual Studio Version 17
VisualStudioVersion = 17.14.36301.6 d17.14
MinimumVisualStudioVersion = 10.0.40219.1
Project("{FAE04EC0-301F-11D3-BF4B-00C04F79EFBC}") = "ExceptionHandling", "ExceptionHandling\ExceptionHandling.csproj", "{27899294-9072-4954-8948-82A84BC38A9D}"
EndProject
Global
	GlobalSection(SolutionConfigurationPlatforms) = preSolution
		Debug|Any CPU = Debug|Any CPU
		Release|Any CPU = Release|Any CPU
	EndGlobalSection
	GlobalSection(ProjectConfigurationPlatforms) = postSolution
		{27899294-9072-4954-8948-82A84BC38A9D}.Debug|Any CPU.ActiveCfg = Debug|Any CPU
		{27899294-9072-4954-8948-82A84BC38A9D}.Debug|Any CPU.Build.0 = Debug|Any CPU
		{27899294-9072-4954-8948-82A84BC38A9D}.Release|Any CPU.ActiveCfg = Release|Any CPU
		{27899294-9072-4954-8948-82A84BC38A9D}.Release|Any CPU.Build.0 = Release|Any CPU
	EndGlobalSection
	GlobalSection(SolutionProperties) = preSolution
		HideSolutionNode = FALSE
	EndGlobalSection
	GlobalSection(ExtensibilityGlobals) = postSolution
		SolutionGuid = {3E076718-F87A-4EE9-B622-DFD97EAB625B}
	EndGlobalSection
EndGlobal
