
Microsoft Visual Studio Solution File, Format Version 12.00
# Visual Studio Version 17
VisualStudioVersion = 17.14.36301.6 d17.14
MinimumVisualStudioVersion = 10.0.40219.1
Project("{FAE04EC0-301F-11D3-BF4B-00C04F79EFBC}") = "ParametersAssignment", "ParametersAssignment\ParametersAssignment.csproj", "{C0F08334-1D4E-4BB8-A5E7-0BB15036C7E9}"
EndProject
Global
	GlobalSection(SolutionConfigurationPlatforms) = preSolution
		Debug|Any CPU = Debug|Any CPU
		Release|Any CPU = Release|Any CPU
	EndGlobalSection
	GlobalSection(ProjectConfigurationPlatforms) = postSolution
		{C0F08334-1D4E-4BB8-A5E7-0BB15036C7E9}.Debug|Any CPU.ActiveCfg = Debug|Any CPU
		{C0F08334-1D4E-4BB8-A5E7-0BB15036C7E9}.Debug|Any CPU.Build.0 = Debug|Any CPU
		{C0F08334-1D4E-4BB8-A5E7-0BB15036C7E9}.Release|Any CPU.ActiveCfg = Release|Any CPU
		{C0F08334-1D4E-4BB8-A5E7-0BB15036C7E9}.Release|Any CPU.Build.0 = Release|Any CPU
	EndGlobalSection
	GlobalSection(SolutionProperties) = preSolution
		HideSolutionNode = FALSE
	EndGlobalSection
	GlobalSection(ExtensibilityGlobals) = postSolution
		SolutionGuid = {8FA6D93B-DAF3-4945-BA27-AF35A60BFB26}
	EndGlobalSection
EndGlobal
