
Microsoft Visual Studio Solution File, Format Version 12.00
# Visual Studio Version 17
VisualStudioVersion = 17.14.36301.6 d17.14
MinimumVisualStudioVersion = 10.0.40219.1
Project("{FAE04EC0-301F-11D3-BF4B-00C04F79EFBC}") = "MathAndComparisonOperatorsAssignment", "MathAndComparisonOperatorsAssignment\MathAndComparisonOperatorsAssignment.csproj", "{2C872010-9C59-4AE4-BC65-A80F06B57FFF}"
EndProject
Global
	GlobalSection(SolutionConfigurationPlatforms) = preSolution
		Debug|Any CPU = Debug|Any CPU
		Release|Any CPU = Release|Any CPU
	EndGlobalSection
	GlobalSection(ProjectConfigurationPlatforms) = postSolution
		{2C872010-9C59-4AE4-BC65-A80F06B57FFF}.Debug|Any CPU.ActiveCfg = Debug|Any CPU
		{2C872010-9C59-4AE4-BC65-A80F06B57FFF}.Debug|Any CPU.Build.0 = Debug|Any CPU
		{2C872010-9C59-4AE4-BC65-A80F06B57FFF}.Release|Any CPU.ActiveCfg = Release|Any CPU
		{2C872010-9C59-4AE4-BC65-A80F06B57FFF}.Release|Any CPU.Build.0 = Release|Any CPU
	EndGlobalSection
	GlobalSection(SolutionProperties) = preSolution
		HideSolutionNode = FALSE
	EndGlobalSection
	GlobalSection(ExtensibilityGlobals) = postSolution
		SolutionGuid = {3208761F-F34A-4A89-9C9F-934D922BEC97}
	EndGlobalSection
EndGlobal
