
Microsoft Visual Studio Solution File, Format Version 12.00
# Visual Studio Version 17
VisualStudioVersion = 17.14.36301.6 d17.14
MinimumVisualStudioVersion = 10.0.40219.1
Project("{FAE04EC0-301F-11D3-BF4B-00C04F79EFBC}") = "Iteration", "Iteration\Iteration.csproj", "{B2AA093E-22DA-4D1D-AEB3-F2E933FC3612}"
EndProject
Global
	GlobalSection(SolutionConfigurationPlatforms) = preSolution
		Debug|Any CPU = Debug|Any CPU
		Release|Any CPU = Release|Any CPU
	EndGlobalSection
	GlobalSection(ProjectConfigurationPlatforms) = postSolution
		{B2AA093E-22DA-4D1D-AEB3-F2E933FC3612}.Debug|Any CPU.ActiveCfg = Debug|Any CPU
		{B2AA093E-22DA-4D1D-AEB3-F2E933FC3612}.Debug|Any CPU.Build.0 = Debug|Any CPU
		{B2AA093E-22DA-4D1D-AEB3-F2E933FC3612}.Release|Any CPU.ActiveCfg = Release|Any CPU
		{B2AA093E-22DA-4D1D-AEB3-F2E933FC3612}.Release|Any CPU.Build.0 = Release|Any CPU
	EndGlobalSection
	GlobalSection(SolutionProperties) = preSolution
		HideSolutionNode = FALSE
	EndGlobalSection
	GlobalSection(ExtensibilityGlobals) = postSolution
		SolutionGuid = {B3C02AFD-0015-4EF5-BF3A-20C92ACA999D}
	EndGlobalSection
EndGlobal
