
Microsoft Visual Studio Solution File, Format Version 12.00
# Visual Studio Version 17
VisualStudioVersion = 17.14.36301.6 d17.14
MinimumVisualStudioVersion = 10.0.40219.1
Project("{FAE04EC0-301F-11D3-BF4B-00C04F79EFBC}") = "MethodClassAssignment", "MethodClassAssignment\MethodClassAssignment.csproj", "{E4B98D47-D86D-4BA2-A0DF-1F8CF80A1BBC}"
EndProject
Global
	GlobalSection(SolutionConfigurationPlatforms) = preSolution
		Debug|Any CPU = Debug|Any CPU
		Release|Any CPU = Release|Any CPU
	EndGlobalSection
	GlobalSection(ProjectConfigurationPlatforms) = postSolution
		{E4B98D47-D86D-4BA2-A0DF-1F8CF80A1BBC}.Debug|Any CPU.ActiveCfg = Debug|Any CPU
		{E4B98D47-D86D-4BA2-A0DF-1F8CF80A1BBC}.Debug|Any CPU.Build.0 = Debug|Any CPU
		{E4B98D47-D86D-4BA2-A0DF-1F8CF80A1BBC}.Release|Any CPU.ActiveCfg = Release|Any CPU
		{E4B98D47-D86D-4BA2-A0DF-1F8CF80A1BBC}.Release|Any CPU.Build.0 = Release|Any CPU
	EndGlobalSection
	GlobalSection(SolutionProperties) = preSolution
		HideSolutionNode = FALSE
	EndGlobalSection
	GlobalSection(ExtensibilityGlobals) = postSolution
		SolutionGuid = {40FDA24D-67BD-40F2-B880-7D9D8BF69A43}
	EndGlobalSection
EndGlobal
