
Microsoft Visual Studio Solution File, Format Version 12.00
# Visual Studio Version 17
VisualStudioVersion = 17.14.36301.6 d17.14
MinimumVisualStudioVersion = 10.0.40219.1
Project("{FAE04EC0-301F-11D3-BF4B-00C04F79EFBC}") = "StringAndIntegersAssignment", "StringAndIntegersAssignment\StringAndIntegersAssignment.csproj", "{06FD6A39-FC47-4624-99DF-20AF7249EEC4}"
EndProject
Global
	GlobalSection(SolutionConfigurationPlatforms) = preSolution
		Debug|Any CPU = Debug|Any CPU
		Release|Any CPU = Release|Any CPU
	EndGlobalSection
	GlobalSection(ProjectConfigurationPlatforms) = postSolution
		{06FD6A39-FC47-4624-99DF-20AF7249EEC4}.Debug|Any CPU.ActiveCfg = Debug|Any CPU
		{06FD6A39-FC47-4624-99DF-20AF7249EEC4}.Debug|Any CPU.Build.0 = Debug|Any CPU
		{06FD6A39-FC47-4624-99DF-20AF7249EEC4}.Release|Any CPU.ActiveCfg = Release|Any CPU
		{06FD6A39-FC47-4624-99DF-20AF7249EEC4}.Release|Any CPU.Build.0 = Release|Any CPU
	EndGlobalSection
	GlobalSection(SolutionProperties) = preSolution
		HideSolutionNode = FALSE
	EndGlobalSection
	GlobalSection(ExtensibilityGlobals) = postSolution
		SolutionGuid = {A878196D-68FA-4D42-AEF0-D244EE962458}
	EndGlobalSection
EndGlobal
